
Microsoft Visual Studio Solution File, Format Version 12.00
# Visual Studio Version 17
VisualStudioVersion = 17.0.31903.59
MinimumVisualStudioVersion = 10.0.40219.1
Project("{9A19103F-16F7-4668-BE54-9A1E7A4F7556}") = "QuickShop.API", "QuickShop.API\QuickShop.API.csproj", "{EEE2FEAD-FF31-4A4B-845E-82D4D5CD1AD9}"
EndProject
Project("{9A19103F-16F7-4668-BE54-9A1E7A4F7556}") = "QuickShop.UnitTests", "QuickShop.UnitTests\QuickShop.UnitTests.csproj", "{A66FD1BB-55FC-4FD3-8ED0-F0ED1F1AC097}"
EndProject
Project("{9A19103F-16F7-4668-BE54-9A1E7A4F7556}") = "QuickShop.IntegrationTests", "QuickShop.IntegrationTests\QuickShop.IntegrationTests.csproj", "{87798D91-3BE2-4CA4-8E0F-4E277289B254}"
EndProject
Global
	GlobalSection(SolutionConfigurationPlatforms) = preSolution
		Debug|Any CPU = Debug|Any CPU
		Release|Any CPU = Release|Any CPU
	EndGlobalSection
	GlobalSection(ProjectConfigurationPlatforms) = postSolution
		{EEE2FEAD-FF31-4A4B-845E-82D4D5CD1AD9}.Debug|Any CPU.ActiveCfg = Debug|Any CPU
		{EEE2FEAD-FF31-4A4B-845E-82D4D5CD1AD9}.Debug|Any CPU.Build.0 = Debug|Any CPU
		{EEE2FEAD-FF31-4A4B-845E-82D4D5CD1AD9}.Release|Any CPU.ActiveCfg = Release|Any CPU
		{EEE2FEAD-FF31-4A4B-845E-82D4D5CD1AD9}.Release|Any CPU.Build.0 = Release|Any CPU
		{A66FD1BB-55FC-4FD3-8ED0-F0ED1F1AC097}.Debug|Any CPU.ActiveCfg = Debug|Any CPU
		{A66FD1BB-55FC-4FD3-8ED0-F0ED1F1AC097}.Debug|Any CPU.Build.0 = Debug|Any CPU
		{A66FD1BB-55FC-4FD3-8ED0-F0ED1F1AC097}.Release|Any CPU.ActiveCfg = Release|Any CPU
		{A66FD1BB-55FC-4FD3-8ED0-F0ED1F1AC097}.Release|Any CPU.Build.0 = Release|Any CPU
		{87798D91-3BE2-4CA4-8E0F-4E277289B254}.Debug|Any CPU.ActiveCfg = Debug|Any CPU
		{87798D91-3BE2-4CA4-8E0F-4E277289B254}.Debug|Any CPU.Build.0 = Debug|Any CPU
		{87798D91-3BE2-4CA4-8E0F-4E277289B254}.Release|Any CPU.ActiveCfg = Release|Any CPU
		{87798D91-3BE2-4CA4-8E0F-4E277289B254}.Release|Any CPU.Build.0 = Release|Any CPU
	EndGlobalSection
	GlobalSection(SolutionProperties) = preSolution
		HideSolutionNode = FALSE
	EndGlobalSection
EndGlobal
